
Microsoft Visual Studio Solution File, Format Version 11.00
# Visual Studio 2010
Project("{FAE04EC0-301F-11D3-BF4B-00C04F79EFBC}") = "Microsoft.AspNet.SignalR.Client.iOS.Sample", "..\samples\Microsoft.AspNet.SignalR.Client.iOS.Samples\Microsoft.AspNet.SignalR.Client.iOS.Sample.csproj", "{9D3A25FA-F37A-419C-BAE7-1D38FF4FBF00}"
EndProject
Project("{FAE04EC0-301F-11D3-BF4B-00C04F79EFBC}") = "Microsoft.AspNet.SignalR.Client.Android.Sample", "..\samples\Microsoft.AspNet.SignalR.Client.Android.Samples\Microsoft.AspNet.SignalR.Client.Android.Sample.csproj", "{B417038B-DA50-4F8A-841F-8843D91CBEDD}"
EndProject
Global
	GlobalSection(SolutionConfigurationPlatforms) = preSolution
		Debug|Any CPU = Debug|Any CPU
		Release|Any CPU = Release|Any CPU
		Debug|iPhoneSimulator = Debug|iPhoneSimulator
		Release|iPhoneSimulator = Release|iPhoneSimulator
		Debug|iPhone = Debug|iPhone
		Release|iPhone = Release|iPhone
		Ad-Hoc|iPhone = Ad-Hoc|iPhone
		AppStore|iPhone = AppStore|iPhone
	EndGlobalSection
	GlobalSection(ProjectConfigurationPlatforms) = postSolution
		{9D3A25FA-F37A-419C-BAE7-1D38FF4FBF00}.Ad-Hoc|iPhone.ActiveCfg = Ad-Hoc|iPhone
		{9D3A25FA-F37A-419C-BAE7-1D38FF4FBF00}.Ad-Hoc|iPhone.Build.0 = Ad-Hoc|iPhone
		{9D3A25FA-F37A-419C-BAE7-1D38FF4FBF00}.AppStore|iPhone.ActiveCfg = AppStore|iPhone
		{9D3A25FA-F37A-419C-BAE7-1D38FF4FBF00}.AppStore|iPhone.Build.0 = AppStore|iPhone
		{9D3A25FA-F37A-419C-BAE7-1D38FF4FBF00}.Debug|Any CPU.ActiveCfg = Debug|iPhoneSimulator
		{9D3A25FA-F37A-419C-BAE7-1D38FF4FBF00}.Debug|Any CPU.Build.0 = Debug|iPhoneSimulator
		{9D3A25FA-F37A-419C-BAE7-1D38FF4FBF00}.Debug|iPhone.ActiveCfg = Debug|iPhone
		{9D3A25FA-F37A-419C-BAE7-1D38FF4FBF00}.Debug|iPhone.Build.0 = Debug|iPhone
		{9D3A25FA-F37A-419C-BAE7-1D38FF4FBF00}.Debug|iPhoneSimulator.ActiveCfg = Debug|iPhoneSimulator
		{9D3A25FA-F37A-419C-BAE7-1D38FF4FBF00}.Debug|iPhoneSimulator.Build.0 = Debug|iPhoneSimulator
		{9D3A25FA-F37A-419C-BAE7-1D38FF4FBF00}.Release|Any CPU.ActiveCfg = Release|iPhoneSimulator
		{9D3A25FA-F37A-419C-BAE7-1D38FF4FBF00}.Release|Any CPU.Build.0 = Release|iPhoneSimulator
		{9D3A25FA-F37A-419C-BAE7-1D38FF4FBF00}.Release|iPhone.ActiveCfg = Release|iPhone
		{9D3A25FA-F37A-419C-BAE7-1D38FF4FBF00}.Release|iPhone.Build.0 = Release|iPhone
		{9D3A25FA-F37A-419C-BAE7-1D38FF4FBF00}.Release|iPhoneSimulator.ActiveCfg = Release|iPhoneSimulator
		{9D3A25FA-F37A-419C-BAE7-1D38FF4FBF00}.Release|iPhoneSimulator.Build.0 = Release|iPhoneSimulator
		{B417038B-DA50-4F8A-841F-8843D91CBEDD}.Ad-Hoc|iPhone.ActiveCfg = Debug|Any CPU
		{B417038B-DA50-4F8A-841F-8843D91CBEDD}.Ad-Hoc|iPhone.Build.0 = Debug|Any CPU
		{B417038B-DA50-4F8A-841F-8843D91CBEDD}.AppStore|iPhone.ActiveCfg = Debug|Any CPU
		{B417038B-DA50-4F8A-841F-8843D91CBEDD}.AppStore|iPhone.Build.0 = Debug|Any CPU
		{B417038B-DA50-4F8A-841F-8843D91CBEDD}.Debug|Any CPU.ActiveCfg = Debug|Any CPU
		{B417038B-DA50-4F8A-841F-8843D91CBEDD}.Debug|Any CPU.Build.0 = Debug|Any CPU
		{B417038B-DA50-4F8A-841F-8843D91CBEDD}.Debug|iPhone.ActiveCfg = Debug|Any CPU
		{B417038B-DA50-4F8A-841F-8843D91CBEDD}.Debug|iPhone.Build.0 = Debug|Any CPU
		{B417038B-DA50-4F8A-841F-8843D91CBEDD}.Debug|iPhoneSimulator.ActiveCfg = Debug|Any CPU
		{B417038B-DA50-4F8A-841F-8843D91CBEDD}.Debug|iPhoneSimulator.Build.0 = Debug|Any CPU
		{B417038B-DA50-4F8A-841F-8843D91CBEDD}.Release|Any CPU.ActiveCfg = Release|Any CPU
		{B417038B-DA50-4F8A-841F-8843D91CBEDD}.Release|Any CPU.Build.0 = Release|Any CPU
		{B417038B-DA50-4F8A-841F-8843D91CBEDD}.Release|iPhone.ActiveCfg = Release|Any CPU
		{B417038B-DA50-4F8A-841F-8843D91CBEDD}.Release|iPhone.Build.0 = Release|Any CPU
		{B417038B-DA50-4F8A-841F-8843D91CBEDD}.Release|iPhoneSimulator.ActiveCfg = Release|Any CPU
		{B417038B-DA50-4F8A-841F-8843D91CBEDD}.Release|iPhoneSimulator.Build.0 = Release|Any CPU
	EndGlobalSection
	GlobalSection(MonoDevelopProperties) = preSolution
		StartupItem = ..\samples\Microsoft.AspNet.SignalR.Client.iOS.Samples\Microsoft.AspNet.SignalR.Client.iOS.Sample.csproj
	EndGlobalSection
EndGlobal
